// !$*UTF8*$!
{
	archiveVersion = 1;
	classes = {
	};
	objectVersion = 55;
	objects = {

/* Begin PBXBuildFile section */
		877A9BC6289DADB8002506D2 /* AppDelegate.swift in Sources */ = {isa = PBXBuildFile; fileRef = 877A9BC5289DADB8002506D2 /* AppDelegate.swift */; };
		877A9BCF289DADB9002506D2 /* Assets.xcassets in Resources */ = {isa = PBXBuildFile; fileRef = 877A9BCE289DADB9002506D2 /* Assets.xcassets */; };
		877A9BD2289DADB9002506D2 /* LaunchScreen.storyboard in Resources */ = {isa = PBXBuildFile; fileRef = 877A9BD0289DADB9002506D2 /* LaunchScreen.storyboard */; };
		877A9BDD289DADB9002506D2 /* GBShopsTests.swift in Sources */ = {isa = PBXBuildFile; fileRef = 877A9BDC289DADB9002506D2 /* GBShopsTests.swift */; };
		877A9BE7289DADB9002506D2 /* GBShopsUITests.swift in Sources */ = {isa = PBXBuildFile; fileRef = 877A9BE6289DADB9002506D2 /* GBShopsUITests.swift */; };
		877A9BE9289DADB9002506D2 /* GBShopsUITestsLaunchTests.swift in Sources */ = {isa = PBXBuildFile; fileRef = 877A9BE8289DADB9002506D2 /* GBShopsUITestsLaunchTests.swift */; };
/* End PBXBuildFile section */

/* Begin PBXContainerItemProxy section */
		877A9BD9289DADB9002506D2 /* PBXContainerItemProxy */ = {
			isa = PBXContainerItemProxy;
			containerPortal = 877A9BBA289DADB8002506D2 /* Project object */;
			proxyType = 1;
			remoteGlobalIDString = 877A9BC1289DADB8002506D2;
			remoteInfo = GBShops;
		};
		877A9BE3289DADB9002506D2 /* PBXContainerItemProxy */ = {
			isa = PBXContainerItemProxy;
			containerPortal = 877A9BBA289DADB8002506D2 /* Project object */;
			proxyType = 1;
			remoteGlobalIDString = 877A9BC1289DADB8002506D2;
			remoteInfo = GBShops;
		};
/* End PBXContainerItemProxy section */

/* Begin PBXFileReference section */
		877A9BC2289DADB8002506D2 /* GBShops.app */ = {isa = PBXFileReference; explicitFileType = wrapper.application; includeInIndex = 0; path = GBShops.app; sourceTree = BUILT_PRODUCTS_DIR; };
		877A9BC5289DADB8002506D2 /* AppDelegate.swift */ = {isa = PBXFileReference; lastKnownFileType = sourcecode.swift; path = AppDelegate.swift; sourceTree = "<group>"; };
		877A9BCE289DADB9002506D2 /* Assets.xcassets */ = {isa = PBXFileReference; lastKnownFileType = folder.assetcatalog; path = Assets.xcassets; sourceTree = "<group>"; };
		877A9BD1289DADB9002506D2 /* Base */ = {isa = PBXFileReference; lastKnownFileType = file.storyboard; name = Base; path = Base.lproj/LaunchScreen.storyboard; sourceTree = "<group>"; };
		877A9BD3289DADB9002506D2 /* Info.plist */ = {isa = PBXFileReference; lastKnownFileType = text.plist.xml; path = Info.plist; sourceTree = "<group>"; };
		877A9BD8289DADB9002506D2 /* GBShopsTests.xctest */ = {isa = PBXFileReference; explicitFileType = wrapper.cfbundle; includeInIndex = 0; path = GBShopsTests.xctest; sourceTree = BUILT_PRODUCTS_DIR; };
		877A9BDC289DADB9002506D2 /* GBShopsTests.swift */ = {isa = PBXFileReference; lastKnownFileType = sourcecode.swift; path = GBShopsTests.swift; sourceTree = "<group>"; };
		877A9BE2289DADB9002506D2 /* GBShopsUITests.xctest */ = {isa = PBXFileReference; explicitFileType = wrapper.cfbundle; includeInIndex = 0; path = GBShopsUITests.xctest; sourceTree = BUILT_PRODUCTS_DIR; };
		877A9BE6289DADB9002506D2 /* GBShopsUITests.swift */ = {isa = PBXFileReference; lastKnownFileType = sourcecode.swift; path = GBShopsUITests.swift; sourceTree = "<group>"; };
		877A9BE8289DADB9002506D2 /* GBShopsUITestsLaunchTests.swift */ = {isa = PBXFileReference; lastKnownFileType = sourcecode.swift; path = GBShopsUITestsLaunchTests.swift; sourceTree = "<group>"; };
/* End PBXFileReference section */

/* Begin PBXFrameworksBuildPhase section */
		877A9BBF289DADB8002506D2 /* Frameworks */ = {
			isa = PBXFrameworksBuildPhase;
			buildActionMask = 2147483647;
			files = (
			);
			runOnlyForDeploymentPostprocessing = 0;
		};
		877A9BD5289DADB9002506D2 /* Frameworks */ = {
			isa = PBXFrameworksBuildPhase;
			buildActionMask = 2147483647;
			files = (
			);
			runOnlyForDeploymentPostprocessing = 0;
		};
		877A9BDF289DADB9002506D2 /* Frameworks */ = {
			isa = PBXFrameworksBuildPhase;
			buildActionMask = 2147483647;
			files = (
			);
			runOnlyForDeploymentPostprocessing = 0;
		};
/* End PBXFrameworksBuildPhase section */

/* Begin PBXGroup section */
		877A9BB9289DADB8002506D2 = {
			isa = PBXGroup;
			children = (
				877A9BC4289DADB8002506D2 /* GBShops */,
				877A9BDB289DADB9002506D2 /* GBShopsTests */,
				877A9BE5289DADB9002506D2 /* GBShopsUITests */,
				877A9BC3289DADB8002506D2 /* Products */,
			);
			sourceTree = "<group>";
		};
		877A9BC3289DADB8002506D2 /* Products */ = {
			isa = PBXGroup;
			children = (
				877A9BC2289DADB8002506D2 /* GBShops.app */,
				877A9BD8289DADB9002506D2 /* GBShopsTests.xctest */,
				877A9BE2289DADB9002506D2 /* GBShopsUITests.xctest */,
			);
			name = Products;
			sourceTree = "<group>";
		};
		877A9BC4289DADB8002506D2 /* GBShops */ = {
			isa = PBXGroup;
			children = (
				877A9BF5289DB346002506D2 /* App */,
				877A9BFC289DB4B4002506D2 /* Core */,
				877A9BFB289DB4AB002506D2 /* Resources */,
				877A9BFA289DB46C002506D2 /* Environments */,
			);
			path = GBShops;
			sourceTree = "<group>";
		};
		877A9BDB289DADB9002506D2 /* GBShopsTests */ = {
			isa = PBXGroup;
			children = (
				877A9BDC289DADB9002506D2 /* GBShopsTests.swift */,
			);
			path = GBShopsTests;
			sourceTree = "<group>";
		};
		877A9BE5289DADB9002506D2 /* GBShopsUITests */ = {
			isa = PBXGroup;
			children = (
				877A9BE6289DADB9002506D2 /* GBShopsUITests.swift */,
				877A9BE8289DADB9002506D2 /* GBShopsUITestsLaunchTests.swift */,
			);
			path = GBShopsUITests;
			sourceTree = "<group>";
		};
		877A9BF5289DB346002506D2 /* App */ = {
			isa = PBXGroup;
			children = (
				877A9BC5289DADB8002506D2 /* AppDelegate.swift */,
				877A9BF6289DB362002506D2 /* Flows */,
				877A9BF7289DB36F002506D2 /* Assembly */,
				877A9BF8289DB3A1002506D2 /* Entity */,
				877A9BF9289DB3D6002506D2 /* BusinessLogic */,
			);
			path = App;
			sourceTree = "<group>";
		};
		877A9BF6289DB362002506D2 /* Flows */ = {
			isa = PBXGroup;
			children = (
			);
			path = Flows;
			sourceTree = "<group>";
		};
		877A9BF7289DB36F002506D2 /* Assembly */ = {
			isa = PBXGroup;
			children = (
			);
			path = Assembly;
			sourceTree = "<group>";
		};
		877A9BF8289DB3A1002506D2 /* Entity */ = {
			isa = PBXGroup;
			children = (
			);
			path = Entity;
			sourceTree = "<group>";
		};
		877A9BF9289DB3D6002506D2 /* BusinessLogic */ = {
			isa = PBXGroup;
			children = (
			);
			path = BusinessLogic;
			sourceTree = "<group>";
		};
		877A9BFA289DB46C002506D2 /* Environments */ = {
			isa = PBXGroup;
			children = (
				877A9BD3289DADB9002506D2 /* Info.plist */,
			);
			path = Environments;
			sourceTree = "<group>";
		};
		877A9BFB289DB4AB002506D2 /* Resources */ = {
			isa = PBXGroup;
			children = (
				877A9BD0289DADB9002506D2 /* LaunchScreen.storyboard */,
				877A9BCE289DADB9002506D2 /* Assets.xcassets */,
			);
			path = Resources;
			sourceTree = "<group>";
		};
		877A9BFC289DB4B4002506D2 /* Core */ = {
			isa = PBXGroup;
			children = (
			);
			path = Core;
			sourceTree = "<group>";
		};
/* End PBXGroup section */

/* Begin PBXNativeTarget section */
		877A9BC1289DADB8002506D2 /* GBShops */ = {
			isa = PBXNativeTarget;
			buildConfigurationList = 877A9BEC289DADB9002506D2 /* Build configuration list for PBXNativeTarget "GBShops" */;
			buildPhases = (
				877A9BBE289DADB8002506D2 /* Sources */,
				877A9BBF289DADB8002506D2 /* Frameworks */,
				877A9BC0289DADB8002506D2 /* Resources */,
			);
			buildRules = (
			);
			dependencies = (
			);
			name = GBShops;
			productName = GBShops;
			productReference = 877A9BC2289DADB8002506D2 /* GBShops.app */;
			productType = "com.apple.product-type.application";
		};
		877A9BD7289DADB9002506D2 /* GBShopsTests */ = {
			isa = PBXNativeTarget;
			buildConfigurationList = 877A9BEF289DADB9002506D2 /* Build configuration list for PBXNativeTarget "GBShopsTests" */;
			buildPhases = (
				877A9BD4289DADB9002506D2 /* Sources */,
				877A9BD5289DADB9002506D2 /* Frameworks */,
				877A9BD6289DADB9002506D2 /* Resources */,
			);
			buildRules = (
			);
			dependencies = (
				877A9BDA289DADB9002506D2 /* PBXTargetDependency */,
			);
			name = GBShopsTests;
			productName = GBShopsTests;
			productReference = 877A9BD8289DADB9002506D2 /* GBShopsTests.xctest */;
			productType = "com.apple.product-type.bundle.unit-test";
		};
		877A9BE1289DADB9002506D2 /* GBShopsUITests */ = {
			isa = PBXNativeTarget;
			buildConfigurationList = 877A9BF2289DADB9002506D2 /* Build configuration list for PBXNativeTarget "GBShopsUITests" */;
			buildPhases = (
				877A9BDE289DADB9002506D2 /* Sources */,
				877A9BDF289DADB9002506D2 /* Frameworks */,
				877A9BE0289DADB9002506D2 /* Resources */,
			);
			buildRules = (
			);
			dependencies = (
				877A9BE4289DADB9002506D2 /* PBXTargetDependency */,
			);
			name = GBShopsUITests;
			productName = GBShopsUITests;
			productReference = 877A9BE2289DADB9002506D2 /* GBShopsUITests.xctest */;
			productType = "com.apple.product-type.bundle.ui-testing";
		};
/* End PBXNativeTarget section */

/* Begin PBXProject section */
		877A9BBA289DADB8002506D2 /* Project object */ = {
			isa = PBXProject;
			attributes = {
				BuildIndependentTargetsInParallel = 1;
				LastSwiftUpdateCheck = 1340;
				LastUpgradeCheck = 1340;
				TargetAttributes = {
					877A9BC1289DADB8002506D2 = {
						CreatedOnToolsVersion = 13.4.1;
					};
					877A9BD7289DADB9002506D2 = {
						CreatedOnToolsVersion = 13.4.1;
						TestTargetID = 877A9BC1289DADB8002506D2;
					};
					877A9BE1289DADB9002506D2 = {
						CreatedOnToolsVersion = 13.4.1;
						TestTargetID = 877A9BC1289DADB8002506D2;
					};
				};
			};
			buildConfigurationList = 877A9BBD289DADB8002506D2 /* Build configuration list for PBXProject "GBShops" */;
			compatibilityVersion = "Xcode 13.0";
			developmentRegion = en;
			hasScannedForEncodings = 0;
			knownRegions = (
				en,
				Base,
			);
			mainGroup = 877A9BB9289DADB8002506D2;
			productRefGroup = 877A9BC3289DADB8002506D2 /* Products */;
			projectDirPath = "";
			projectRoot = "";
			targets = (
				877A9BC1289DADB8002506D2 /* GBShops */,
				877A9BD7289DADB9002506D2 /* GBShopsTests */,
				877A9BE1289DADB9002506D2 /* GBShopsUITests */,
			);
		};
/* End PBXProject section */

/* Begin PBXResourcesBuildPhase section */
		877A9BC0289DADB8002506D2 /* Resources */ = {
			isa = PBXResourcesBuildPhase;
			buildActionMask = 2147483647;
			files = (
				877A9BD2289DADB9002506D2 /* LaunchScreen.storyboard in Resources */,
				877A9BCF289DADB9002506D2 /* Assets.xcassets in Resources */,
			);
			runOnlyForDeploymentPostprocessing = 0;
		};
		877A9BD6289DADB9002506D2 /* Resources */ = {
			isa = PBXResourcesBuildPhase;
			buildActionMask = 2147483647;
			files = (
			);
			runOnlyForDeploymentPostprocessing = 0;
		};
		877A9BE0289DADB9002506D2 /* Resources */ = {
			isa = PBXResourcesBuildPhase;
			buildActionMask = 2147483647;
			files = (
			);
			runOnlyForDeploymentPostprocessing = 0;
		};
/* End PBXResourcesBuildPhase section */

/* Begin PBXSourcesBuildPhase section */
		877A9BBE289DADB8002506D2 /* Sources */ = {
			isa = PBXSourcesBuildPhase;
			buildActionMask = 2147483647;
			files = (
				877A9BC6289DADB8002506D2 /* AppDelegate.swift in Sources */,
			);
			runOnlyForDeploymentPostprocessing = 0;
		};
		877A9BD4289DADB9002506D2 /* Sources */ = {
			isa = PBXSourcesBuildPhase;
			buildActionMask = 2147483647;
			files = (
				877A9BDD289DADB9002506D2 /* GBShopsTests.swift in Sources */,
			);
			runOnlyForDeploymentPostprocessing = 0;
		};
		877A9BDE289DADB9002506D2 /* Sources */ = {
			isa = PBXSourcesBuildPhase;
			buildActionMask = 2147483647;
			files = (
				877A9BE7289DADB9002506D2 /* GBShopsUITests.swift in Sources */,
				877A9BE9289DADB9002506D2 /* GBShopsUITestsLaunchTests.swift in Sources */,
			);
			runOnlyForDeploymentPostprocessing = 0;
		};
/* End PBXSourcesBuildPhase section */

/* Begin PBXTargetDependency section */
		877A9BDA289DADB9002506D2 /* PBXTargetDependency */ = {
			isa = PBXTargetDependency;
			target = 877A9BC1289DADB8002506D2 /* GBShops */;
			targetProxy = 877A9BD9289DADB9002506D2 /* PBXContainerItemProxy */;
		};
		877A9BE4289DADB9002506D2 /* PBXTargetDependency */ = {
			isa = PBXTargetDependency;
			target = 877A9BC1289DADB8002506D2 /* GBShops */;
			targetProxy = 877A9BE3289DADB9002506D2 /* PBXContainerItemProxy */;
		};
/* End PBXTargetDependency section */

/* Begin PBXVariantGroup section */
		877A9BD0289DADB9002506D2 /* LaunchScreen.storyboard */ = {
			isa = PBXVariantGroup;
			children = (
				877A9BD1289DADB9002506D2 /* Base */,
			);
			name = LaunchScreen.storyboard;
			sourceTree = "<group>";
		};
/* End PBXVariantGroup section */

/* Begin XCBuildConfiguration section */
		877A9BEA289DADB9002506D2 /* Debug */ = {
			isa = XCBuildConfiguration;
			buildSettings = {
				ALWAYS_SEARCH_USER_PATHS = NO;
				CLANG_ANALYZER_NONNULL = YES;
				CLANG_ANALYZER_NUMBER_OBJECT_CONVERSION = YES_AGGRESSIVE;
				CLANG_CXX_LANGUAGE_STANDARD = "gnu++17";
				CLANG_ENABLE_MODULES = YES;
				CLANG_ENABLE_OBJC_ARC = YES;
				CLANG_ENABLE_OBJC_WEAK = YES;
				CLANG_WARN_BLOCK_CAPTURE_AUTORELEASING = YES;
				CLANG_WARN_BOOL_CONVERSION = YES;
				CLANG_WARN_COMMA = YES;
				CLANG_WARN_CONSTANT_CONVERSION = YES;
				CLANG_WARN_DEPRECATED_OBJC_IMPLEMENTATIONS = YES;
				CLANG_WARN_DIRECT_OBJC_ISA_USAGE = YES_ERROR;
				CLANG_WARN_DOCUMENTATION_COMMENTS = YES;
				CLANG_WARN_EMPTY_BODY = YES;
				CLANG_WARN_ENUM_CONVERSION = YES;
				CLANG_WARN_INFINITE_RECURSION = YES;
				CLANG_WARN_INT_CONVERSION = YES;
				CLANG_WARN_NON_LITERAL_NULL_CONVERSION = YES;
				CLANG_WARN_OBJC_IMPLICIT_RETAIN_SELF = YES;
				CLANG_WARN_OBJC_LITERAL_CONVERSION = YES;
				CLANG_WARN_OBJC_ROOT_CLASS = YES_ERROR;
				CLANG_WARN_QUOTED_INCLUDE_IN_FRAMEWORK_HEADER = YES;
				CLANG_WARN_RANGE_LOOP_ANALYSIS = YES;
				CLANG_WARN_STRICT_PROTOTYPES = YES;
				CLANG_WARN_SUSPICIOUS_MOVE = YES;
				CLANG_WARN_UNGUARDED_AVAILABILITY = YES_AGGRESSIVE;
				CLANG_WARN_UNREACHABLE_CODE = YES;
				CLANG_WARN__DUPLICATE_METHOD_MATCH = YES;
				COPY_PHASE_STRIP = NO;
				DEBUG_INFORMATION_FORMAT = dwarf;
				ENABLE_STRICT_OBJC_MSGSEND = YES;
				ENABLE_TESTABILITY = YES;
				GCC_C_LANGUAGE_STANDARD = gnu11;
				GCC_DYNAMIC_NO_PIC = NO;
				GCC_NO_COMMON_BLOCKS = YES;
				GCC_OPTIMIZATION_LEVEL = 0;
				GCC_PREPROCESSOR_DEFINITIONS = (
					"DEBUG=1",
					"$(inherited)",
				);
				GCC_WARN_64_TO_32_BIT_CONVERSION = YES;
				GCC_WARN_ABOUT_RETURN_TYPE = YES_ERROR;
				GCC_WARN_UNDECLARED_SELECTOR = YES;
				GCC_WARN_UNINITIALIZED_AUTOS = YES_AGGRESSIVE;
				GCC_WARN_UNUSED_FUNCTION = YES;
				GCC_WARN_UNUSED_VARIABLE = YES;
				IPHONEOS_DEPLOYMENT_TARGET = 15.5;
				MTL_ENABLE_DEBUG_INFO = INCLUDE_SOURCE;
				MTL_FAST_MATH = YES;
				ONLY_ACTIVE_ARCH = YES;
				SDKROOT = iphoneos;
				SWIFT_ACTIVE_COMPILATION_CONDITIONS = DEBUG;
				SWIFT_OPTIMIZATION_LEVEL = "-Onone";
			};
			name = Debug;
		};
		877A9BEB289DADB9002506D2 /* Release */ = {
			isa = XCBuildConfiguration;
			buildSettings = {
				ALWAYS_SEARCH_USER_PATHS = NO;
				CLANG_ANALYZER_NONNULL = YES;
				CLANG_ANALYZER_NUMBER_OBJECT_CONVERSION = YES_AGGRESSIVE;
				CLANG_CXX_LANGUAGE_STANDARD = "gnu++17";
				CLANG_ENABLE_MODULES = YES;
				CLANG_ENABLE_OBJC_ARC = YES;
				CLANG_ENABLE_OBJC_WEAK = YES;
				CLANG_WARN_BLOCK_CAPTURE_AUTORELEASING = YES;
				CLANG_WARN_BOOL_CONVERSION = YES;
				CLANG_WARN_COMMA = YES;
				CLANG_WARN_CONSTANT_CONVERSION = YES;
				CLANG_WARN_DEPRECATED_OBJC_IMPLEMENTATIONS = YES;
				CLANG_WARN_DIRECT_OBJC_ISA_USAGE = YES_ERROR;
				CLANG_WARN_DOCUMENTATION_COMMENTS = YES;
				CLANG_WARN_EMPTY_BODY = YES;
				CLANG_WARN_ENUM_CONVERSION = YES;
				CLANG_WARN_INFINITE_RECURSION = YES;
				CLANG_WARN_INT_CONVERSION = YES;
				CLANG_WARN_NON_LITERAL_NULL_CONVERSION = YES;
				CLANG_WARN_OBJC_IMPLICIT_RETAIN_SELF = YES;
				CLANG_WARN_OBJC_LITERAL_CONVERSION = YES;
				CLANG_WARN_OBJC_ROOT_CLASS = YES_ERROR;
				CLANG_WARN_QUOTED_INCLUDE_IN_FRAMEWORK_HEADER = YES;
				CLANG_WARN_RANGE_LOOP_ANALYSIS = YES;
				CLANG_WARN_STRICT_PROTOTYPES = YES;
				CLANG_WARN_SUSPICIOUS_MOVE = YES;
				CLANG_WARN_UNGUARDED_AVAILABILITY = YES_AGGRESSIVE;
				CLANG_WARN_UNREACHABLE_CODE = YES;
				CLANG_WARN__DUPLICATE_METHOD_MATCH = YES;
				COPY_PHASE_STRIP = NO;
				DEBUG_INFORMATION_FORMAT = "dwarf-with-dsym";
				ENABLE_NS_ASSERTIONS = NO;
				ENABLE_STRICT_OBJC_MSGSEND = YES;
				GCC_C_LANGUAGE_STANDARD = gnu11;
				GCC_NO_COMMON_BLOCKS = YES;
				GCC_WARN_64_TO_32_BIT_CONVERSION = YES;
				GCC_WARN_ABOUT_RETURN_TYPE = YES_ERROR;
				GCC_WARN_UNDECLARED_SELECTOR = YES;
				GCC_WARN_UNINITIALIZED_AUTOS = YES_AGGRESSIVE;
				GCC_WARN_UNUSED_FUNCTION = YES;
				GCC_WARN_UNUSED_VARIABLE = YES;
				IPHONEOS_DEPLOYMENT_TARGET = 15.5;
				MTL_ENABLE_DEBUG_INFO = NO;
				MTL_FAST_MATH = YES;
				SDKROOT = iphoneos;
				SWIFT_COMPILATION_MODE = wholemodule;
				SWIFT_OPTIMIZATION_LEVEL = "-O";
				VALIDATE_PRODUCT = YES;
			};
			name = Release;
		};
		877A9BED289DADB9002506D2 /* Debug */ = {
			isa = XCBuildConfiguration;
			buildSettings = {
				ASSETCATALOG_COMPILER_APPICON_NAME = AppIcon;
				ASSETCATALOG_COMPILER_GLOBAL_ACCENT_COLOR_NAME = AccentColor;
				CODE_SIGN_STYLE = Automatic;
				CURRENT_PROJECT_VERSION = 1;
				DEVELOPMENT_TEAM = F6PWCH2B2V;
				GENERATE_INFOPLIST_FILE = YES;
				INFOPLIST_FILE = GBShops/Info.plist;
				INFOPLIST_KEY_UIApplicationSupportsIndirectInputEvents = YES;
				INFOPLIST_KEY_UILaunchStoryboardName = LaunchScreen;
				INFOPLIST_KEY_UIMainStoryboardFile = Main;
				INFOPLIST_KEY_UISupportedInterfaceOrientations_iPad = "UIInterfaceOrientationPortrait UIInterfaceOrientationPortraitUpsideDown UIInterfaceOrientationLandscapeLeft UIInterfaceOrientationLandscapeRight";
				INFOPLIST_KEY_UISupportedInterfaceOrientations_iPhone = "UIInterfaceOrientationPortrait UIInterfaceOrientationLandscapeLeft UIInterfaceOrientationLandscapeRight";
				LD_RUNPATH_SEARCH_PATHS = (
					"$(inherited)",
					"@executable_path/Frameworks",
				);
				MARKETING_VERSION = 1.0;
				PRODUCT_BUNDLE_IDENTIFIER = com.zamis.GBShops;
				PRODUCT_NAME = "$(TARGET_NAME)";
				SWIFT_EMIT_LOC_STRINGS = YES;
				SWIFT_VERSION = 5.0;
				TARGETED_DEVICE_FAMILY = "1,2";
			};
			name = Debug;
		};
		877A9BEE289DADB9002506D2 /* Release */ = {
			isa = XCBuildConfiguration;
			buildSettings = {
				ASSETCATALOG_COMPILER_APPICON_NAME = AppIcon;
				ASSETCATALOG_COMPILER_GLOBAL_ACCENT_COLOR_NAME = AccentColor;
				CODE_SIGN_STYLE = Automatic;
				CURRENT_PROJECT_VERSION = 1;
				DEVELOPMENT_TEAM = F6PWCH2B2V;
				GENERATE_INFOPLIST_FILE = YES;
				INFOPLIST_FILE = GBShops/Info.plist;
				INFOPLIST_KEY_UIApplicationSupportsIndirectInputEvents = YES;
				INFOPLIST_KEY_UILaunchStoryboardName = LaunchScreen;
				INFOPLIST_KEY_UIMainStoryboardFile = Main;
				INFOPLIST_KEY_UISupportedInterfaceOrientations_iPad = "UIInterfaceOrientationPortrait UIInterfaceOrientationPortraitUpsideDown UIInterfaceOrientationLandscapeLeft UIInterfaceOrientationLandscapeRight";
				INFOPLIST_KEY_UISupportedInterfaceOrientations_iPhone = "UIInterfaceOrientationPortrait UIInterfaceOrientationLandscapeLeft UIInterfaceOrientationLandscapeRight";
				LD_RUNPATH_SEARCH_PATHS = (
					"$(inherited)",
					"@executable_path/Frameworks",
				);
				MARKETING_VERSION = 1.0;
				PRODUCT_BUNDLE_IDENTIFIER = com.zamis.GBShops;
				PRODUCT_NAME = "$(TARGET_NAME)";
				SWIFT_EMIT_LOC_STRINGS = YES;
				SWIFT_VERSION = 5.0;
				TARGETED_DEVICE_FAMILY = "1,2";
			};
			name = Release;
		};
		877A9BF0289DADB9002506D2 /* Debug */ = {
			isa = XCBuildConfiguration;
			buildSettings = {
				ALWAYS_EMBED_SWIFT_STANDARD_LIBRARIES = YES;
				BUNDLE_LOADER = "$(TEST_HOST)";
				CODE_SIGN_STYLE = Automatic;
				CURRENT_PROJECT_VERSION = 1;
				DEVELOPMENT_TEAM = F6PWCH2B2V;
				GENERATE_INFOPLIST_FILE = YES;
				IPHONEOS_DEPLOYMENT_TARGET = 15.5;
				MARKETING_VERSION = 1.0;
				PRODUCT_BUNDLE_IDENTIFIER = com.zamis.GBShopsTests;
				PRODUCT_NAME = "$(TARGET_NAME)";
				SWIFT_EMIT_LOC_STRINGS = NO;
				SWIFT_VERSION = 5.0;
				TARGETED_DEVICE_FAMILY = "1,2";
				TEST_HOST = "$(BUILT_PRODUCTS_DIR)/GBShops.app/GBShops";
			};
			name = Debug;
		};
		877A9BF1289DADB9002506D2 /* Release */ = {
			isa = XCBuildConfiguration;
			buildSettings = {
				ALWAYS_EMBED_SWIFT_STANDARD_LIBRARIES = YES;
				BUNDLE_LOADER = "$(TEST_HOST)";
				CODE_SIGN_STYLE = Automatic;
				CURRENT_PROJECT_VERSION = 1;
				DEVELOPMENT_TEAM = F6PWCH2B2V;
				GENERATE_INFOPLIST_FILE = YES;
				IPHONEOS_DEPLOYMENT_TARGET = 15.5;
				MARKETING_VERSION = 1.0;
				PRODUCT_BUNDLE_IDENTIFIER = com.zamis.GBShopsTests;
				PRODUCT_NAME = "$(TARGET_NAME)";
				SWIFT_EMIT_LOC_STRINGS = NO;
				SWIFT_VERSION = 5.0;
				TARGETED_DEVICE_FAMILY = "1,2";
				TEST_HOST = "$(BUILT_PRODUCTS_DIR)/GBShops.app/GBShops";
			};
			name = Release;
		};
		877A9BF3289DADB9002506D2 /* Debug */ = {
			isa = XCBuildConfiguration;
			buildSettings = {
				ALWAYS_EMBED_SWIFT_STANDARD_LIBRARIES = YES;
				CODE_SIGN_STYLE = Automatic;
				CURRENT_PROJECT_VERSION = 1;
				DEVELOPMENT_TEAM = F6PWCH2B2V;
				GENERATE_INFOPLIST_FILE = YES;
				MARKETING_VERSION = 1.0;
				PRODUCT_BUNDLE_IDENTIFIER = com.zamis.GBShopsUITests;
				PRODUCT_NAME = "$(TARGET_NAME)";
				SWIFT_EMIT_LOC_STRINGS = NO;
				SWIFT_VERSION = 5.0;
				TARGETED_DEVICE_FAMILY = "1,2";
				TEST_TARGET_NAME = GBShops;
			};
			name = Debug;
		};
		877A9BF4289DADB9002506D2 /* Release */ = {
			isa = XCBuildConfiguration;
			buildSettings = {
				ALWAYS_EMBED_SWIFT_STANDARD_LIBRARIES = YES;
				CODE_SIGN_STYLE = Automatic;
				CURRENT_PROJECT_VERSION = 1;
				DEVELOPMENT_TEAM = F6PWCH2B2V;
				GENERATE_INFOPLIST_FILE = YES;
				MARKETING_VERSION = 1.0;
				PRODUCT_BUNDLE_IDENTIFIER = com.zamis.GBShopsUITests;
				PRODUCT_NAME = "$(TARGET_NAME)";
				SWIFT_EMIT_LOC_STRINGS = NO;
				SWIFT_VERSION = 5.0;
				TARGETED_DEVICE_FAMILY = "1,2";
				TEST_TARGET_NAME = GBShops;
			};
			name = Release;
		};
/* End XCBuildConfiguration section */

/* Begin XCConfigurationList section */
		877A9BBD289DADB8002506D2 /* Build configuration list for PBXProject "GBShops" */ = {
			isa = XCConfigurationList;
			buildConfigurations = (
				877A9BEA289DADB9002506D2 /* Debug */,
				877A9BEB289DADB9002506D2 /* Release */,
			);
			defaultConfigurationIsVisible = 0;
			defaultConfigurationName = Release;
		};
		877A9BEC289DADB9002506D2 /* Build configuration list for PBXNativeTarget "GBShops" */ = {
			isa = XCConfigurationList;
			buildConfigurations = (
				877A9BED289DADB9002506D2 /* Debug */,
				877A9BEE289DADB9002506D2 /* Release */,
			);
			defaultConfigurationIsVisible = 0;
			defaultConfigurationName = Release;
		};
		877A9BEF289DADB9002506D2 /* Build configuration list for PBXNativeTarget "GBShopsTests" */ = {
			isa = XCConfigurationList;
			buildConfigurations = (
				877A9BF0289DADB9002506D2 /* Debug */,
				877A9BF1289DADB9002506D2 /* Release */,
			);
			defaultConfigurationIsVisible = 0;
			defaultConfigurationName = Release;
		};
		877A9BF2289DADB9002506D2 /* Build configuration list for PBXNativeTarget "GBShopsUITests" */ = {
			isa = XCConfigurationList;
			buildConfigurations = (
				877A9BF3289DADB9002506D2 /* Debug */,
				877A9BF4289DADB9002506D2 /* Release */,
			);
			defaultConfigurationIsVisible = 0;
			defaultConfigurationName = Release;
		};
/* End XCConfigurationList section */
	};
	rootObject = 877A9BBA289DADB8002506D2 /* Project object */;
}
